// !$*UTF8*$!
{
	archiveVersion = 1;
	classes = {
	};
	objectVersion = 56;
	objects = {

/* Begin PBXBuildFile section */
		779ED7C4674CE54B30A3868E /* Pods_WohnungSuchen.framework in Frameworks */ = {isa = PBXBuildFile; fileRef = A3E3C8D775B90D6EBB69FB26 /* Pods_WohnungSuchen.framework */; };
		BF0F3F5D29BDE47D002909BB /* fanfare.mp3 in Resources */ = {isa = PBXBuildFile; fileRef = BF0F3F5C29BDE47D002909BB /* fanfare.mp3 */; };
		BF11CEA029EFD6FF00A9D194 /* CustomButton.swift in Sources */ = {isa = PBXBuildFile; fileRef = BF11CE9F29EFD6FF00A9D194 /* CustomButton.swift */; };
		BF22E7E329EAB279003F245A /* Int+ExtractFromString.swift in Sources */ = {isa = PBXBuildFile; fileRef = BF22E7E229EAB279003F245A /* Int+ExtractFromString.swift */; };
		BF4704BC29D2D47A00EEABEE /* NetworkManager.swift in Sources */ = {isa = PBXBuildFile; fileRef = BF4704BB29D2D47A00EEABEE /* NetworkManager.swift */; };
		BF4704BF29D2D52A00EEABEE /* Saga.swift in Sources */ = {isa = PBXBuildFile; fileRef = BF4704BE29D2D52A00EEABEE /* Saga.swift */; };
		BF4704C129D2D53B00EEABEE /* Landlord.swift in Sources */ = {isa = PBXBuildFile; fileRef = BF4704C029D2D53B00EEABEE /* Landlord.swift */; };
		BF5C017829C71522006C06D4 /* AVFoundation.framework in Frameworks */ = {isa = PBXBuildFile; fileRef = BF5C017729C71522006C06D4 /* AVFoundation.framework */; };
		BF5C017A29C71574006C06D4 /* BackgroundAudioPlayer.swift in Sources */ = {isa = PBXBuildFile; fileRef = BF5C017929C71574006C06D4 /* BackgroundAudioPlayer.swift */; };
		BF5C017C29C71635006C06D4 /* heavy-rain.wav in Resources */ = {isa = PBXBuildFile; fileRef = BF5C017B29C71635006C06D4 /* heavy-rain.wav */; };
		BF5C017E29C71DCF006C06D4 /* MainVC+AVAudioPlayerDelegate.swift in Sources */ = {isa = PBXBuildFile; fileRef = BF5C017D29C71DCF006C06D4 /* MainVC+AVAudioPlayerDelegate.swift */; };
		BF5C018029C72069006C06D4 /* SilentSong.wav in Resources */ = {isa = PBXBuildFile; fileRef = BF5C017F29C72069006C06D4 /* SilentSong.wav */; };
		BF707BFE29BB427700225796 /* AppDelegate.swift in Sources */ = {isa = PBXBuildFile; fileRef = BF707BFD29BB427700225796 /* AppDelegate.swift */; };
		BF707C0029BB427700225796 /* SceneDelegate.swift in Sources */ = {isa = PBXBuildFile; fileRef = BF707BFF29BB427700225796 /* SceneDelegate.swift */; };
		BF707C0229BB427700225796 /* MainVC.swift in Sources */ = {isa = PBXBuildFile; fileRef = BF707C0129BB427700225796 /* MainVC.swift */; };
		BF707C0529BB427700225796 /* Main.storyboard in Resources */ = {isa = PBXBuildFile; fileRef = BF707C0329BB427700225796 /* Main.storyboard */; };
		BF707C0729BB427900225796 /* Assets.xcassets in Resources */ = {isa = PBXBuildFile; fileRef = BF707C0629BB427900225796 /* Assets.xcassets */; };
		BF707C0A29BB427900225796 /* LaunchScreen.storyboard in Resources */ = {isa = PBXBuildFile; fileRef = BF707C0829BB427900225796 /* LaunchScreen.storyboard */; };
		BF707C1329BB444700225796 /* LandlordsManager.swift in Sources */ = {isa = PBXBuildFile; fileRef = BF707C1229BB444700225796 /* LandlordsManager.swift */; };
		BF8A62F829DD7B8500E2DCD4 /* MainVC+TableViewDelegate.swift in Sources */ = {isa = PBXBuildFile; fileRef = BF8A62F729DD7B8500E2DCD4 /* MainVC+TableViewDelegate.swift */; };
		BF8A62FA29DD9F5300E2DCD4 /* ApartmentCellDelegate.swift in Sources */ = {isa = PBXBuildFile; fileRef = BF8A62F929DD9F5300E2DCD4 /* ApartmentCellDelegate.swift */; };
		BF8A62FC29DDA1E700E2DCD4 /* MainVC+ApartmentCellDelegate.swift in Sources */ = {isa = PBXBuildFile; fileRef = BF8A62FB29DDA1E700E2DCD4 /* MainVC+ApartmentCellDelegate.swift */; };
		BF8BD27729F13DC400771321 /* NotificationsManager.swift in Sources */ = {isa = PBXBuildFile; fileRef = BF8BD27629F13DC400771321 /* NotificationsManager.swift */; };
		BF8C912829DDB865008AD739 /* IntelPentiumSound.mp3 in Resources */ = {isa = PBXBuildFile; fileRef = BF8C912729DDB865008AD739 /* IntelPentiumSound.mp3 */; };
		BF8C912B29DDB877008AD739 /* VonoviaLogo.jpg in Resources */ = {isa = PBXBuildFile; fileRef = BF8C912929DDB877008AD739 /* VonoviaLogo.jpg */; };
		BF8C912C29DDB877008AD739 /* SagaLogo.jpg in Resources */ = {isa = PBXBuildFile; fileRef = BF8C912A29DDB877008AD739 /* SagaLogo.jpg */; };
		BF8C912E29DDB8C8008AD739 /* Company.swift in Sources */ = {isa = PBXBuildFile; fileRef = BF8C912D29DDB8C8008AD739 /* Company.swift */; };
		BF8E050E2A63EC20003A585C /* ProvidersCollectionViewCell.swift in Sources */ = {isa = PBXBuildFile; fileRef = BF8E050C2A63EC20003A585C /* ProvidersCollectionViewCell.swift */; };
		BF8E050F2A63EC20003A585C /* ProvidersCollectionViewCell.xib in Resources */ = {isa = PBXBuildFile; fileRef = BF8E050D2A63EC20003A585C /* ProvidersCollectionViewCell.xib */; };
		BF8E05112A63EE45003A585C /* OptionsView+CollectionViewDelegate.swift in Sources */ = {isa = PBXBuildFile; fileRef = BF8E05102A63EE45003A585C /* OptionsView+CollectionViewDelegate.swift */; };
		BF8EB0F329E166D10070C64B /* Color.swift in Sources */ = {isa = PBXBuildFile; fileRef = BF8EB0F229E166D10070C64B /* Color.swift */; };
		BF8EB0F529E16B880070C64B /* LoadingView.swift in Sources */ = {isa = PBXBuildFile; fileRef = BF8EB0F429E16B880070C64B /* LoadingView.swift */; };
		BF8EB0F729E17A360070C64B /* UIView+Flashing.swift in Sources */ = {isa = PBXBuildFile; fileRef = BF8EB0F629E17A360070C64B /* UIView+Flashing.swift */; };
		BF8EEDB829C4701100F74971 /* MapButton.swift in Sources */ = {isa = PBXBuildFile; fileRef = BF8EEDB729C4701100F74971 /* MapButton.swift */; };
		BF8EEDBA29C4771B00F74971 /* DefaultOptions.swift in Sources */ = {isa = PBXBuildFile; fileRef = BF8EEDB929C4771B00F74971 /* DefaultOptions.swift */; };
		BF9055782A76472400A8082B /* AppError.swift in Sources */ = {isa = PBXBuildFile; fileRef = BF9055772A76472400A8082B /* AppError.swift */; };
		BF9205A029E029830017CEEA /* TimeManager.swift in Sources */ = {isa = PBXBuildFile; fileRef = BF92059F29E029830017CEEA /* TimeManager.swift */; };
		BF94F64A29D75D0B00993295 /* StartPauseButton.swift in Sources */ = {isa = PBXBuildFile; fileRef = BF94F64929D75D0B00993295 /* StartPauseButton.swift */; };
		BF9C8CF529D97FB500406480 /* Vonovia.swift in Sources */ = {isa = PBXBuildFile; fileRef = BF9C8CF429D97FB500406480 /* Vonovia.swift */; };
		BF9C8CF729D9952500406480 /* VonoviaJson.swift in Sources */ = {isa = PBXBuildFile; fileRef = BF9C8CF629D9952500406480 /* VonoviaJson.swift */; };
		BF9DC6A829BC94B00027FADC /* sci-fi.wav in Resources */ = {isa = PBXBuildFile; fileRef = BF9DC6A729BC94B00027FADC /* sci-fi.wav */; };
		BF9DC6AA29BC96CE0027FADC /* chicken.mp3 in Resources */ = {isa = PBXBuildFile; fileRef = BF9DC6A929BC96CD0027FADC /* chicken.mp3 */; };
		BF9DC6AC29BCAF630027FADC /* Apartment.swift in Sources */ = {isa = PBXBuildFile; fileRef = BF9DC6AB29BCAF630027FADC /* Apartment.swift */; };
		BF9E7A472A6D345D00274A30 /* MainVC+ModalVCDelegate.swift in Sources */ = {isa = PBXBuildFile; fileRef = BF9E7A462A6D345D00274A30 /* MainVC+ModalVCDelegate.swift */; };
		BFA1C3D329C339540023396C /* UIView+removeAllSubviews.swift in Sources */ = {isa = PBXBuildFile; fileRef = BFA1C3D229C339540023396C /* UIView+removeAllSubviews.swift */; };
		BFA3DEF129D82FD5009B23D8 /* ModalView.swift in Sources */ = {isa = PBXBuildFile; fileRef = BFA3DEF029D82FD5009B23D8 /* ModalView.swift */; };
		BFA68DD429DAEAB20023B268 /* ApartmentCell.swift in Sources */ = {isa = PBXBuildFile; fileRef = BFA68DD229DAEAB20023B268 /* ApartmentCell.swift */; };
		BFA68DD529DAEAB20023B268 /* ApartmentCell.xib in Resources */ = {isa = PBXBuildFile; fileRef = BFA68DD329DAEAB20023B268 /* ApartmentCell.xib */; };
		BFA71BD229CD935A00F8781E /* ModalVC.swift in Sources */ = {isa = PBXBuildFile; fileRef = BFA71BD129CD935A00F8781E /* ModalVC.swift */; };
		BFA71BD629CD949800F8781E /* DetectDetent.swift in Sources */ = {isa = PBXBuildFile; fileRef = BFA71BD529CD949800F8781E /* DetectDetent.swift */; };
		BFA71BDC29CDA7D300F8781E /* ModalVCDelegate.swift in Sources */ = {isa = PBXBuildFile; fileRef = BFA71BDB29CDA7D300F8781E /* ModalVCDelegate.swift */; };
		BFA7A99F2A7AA61A004957CD /* WarningAlertControllerFactory.swift in Sources */ = {isa = PBXBuildFile; fileRef = BFA7A99E2A7AA61A004957CD /* WarningAlertControllerFactory.swift */; };
		BFA8344929FA5F3F0073526C /* UISwitch+publisher.swift in Sources */ = {isa = PBXBuildFile; fileRef = BFA8344829FA5F3F0073526C /* UISwitch+publisher.swift */; };
		BFA8D22729F3FC810091D0FA /* Extractable.swift in Sources */ = {isa = PBXBuildFile; fileRef = BFA8D22629F3FC810091D0FA /* Extractable.swift */; };
		BFA8D22D29F547450091D0FA /* SaveButton.swift in Sources */ = {isa = PBXBuildFile; fileRef = BFA8D22C29F547450091D0FA /* SaveButton.swift */; };
		BFA9F37229C1F61E00ECB8F4 /* ImmoButton.swift in Sources */ = {isa = PBXBuildFile; fileRef = BFA9F37129C1F61E00ECB8F4 /* ImmoButton.swift */; };
		BFBA6CF829D42F08004D0AFD /* ImmomioLinkFetcher.swift in Sources */ = {isa = PBXBuildFile; fileRef = BFBA6CF729D42F08004D0AFD /* ImmomioLinkFetcher.swift */; };
		BFEBAA5829E2D15300CC83C8 /* OptionsView.swift in Sources */ = {isa = PBXBuildFile; fileRef = BFEBAA5729E2D15300CC83C8 /* OptionsView.swift */; };
		BFEBAA5A29E2D67B00CC83C8 /* OptionsView.xib in Resources */ = {isa = PBXBuildFile; fileRef = BFEBAA5929E2D67B00CC83C8 /* OptionsView.xib */; };
		BFEBAA5C29E2EF0A00CC83C8 /* Options.swift in Sources */ = {isa = PBXBuildFile; fileRef = BFEBAA5B29E2EF0A00CC83C8 /* Options.swift */; };
/* End PBXBuildFile section */

/* Begin PBXFileReference section */
		0F4C83A9789C8378A8FD34E5 /* Pods-DetectChanges.release.xcconfig */ = {isa = PBXFileReference; includeInIndex = 1; lastKnownFileType = text.xcconfig; name = "Pods-DetectChanges.release.xcconfig"; path = "Target Support Files/Pods-DetectChanges/Pods-DetectChanges.release.xcconfig"; sourceTree = "<group>"; };
		371DD0AD0FD4AB6C602E542F /* Pods-WohnungSuchen.release.xcconfig */ = {isa = PBXFileReference; includeInIndex = 1; lastKnownFileType = text.xcconfig; name = "Pods-WohnungSuchen.release.xcconfig"; path = "Target Support Files/Pods-WohnungSuchen/Pods-WohnungSuchen.release.xcconfig"; sourceTree = "<group>"; };
		A3E3C8D775B90D6EBB69FB26 /* Pods_WohnungSuchen.framework */ = {isa = PBXFileReference; explicitFileType = wrapper.framework; includeInIndex = 0; path = Pods_WohnungSuchen.framework; sourceTree = BUILT_PRODUCTS_DIR; };
		A3FE12165EF32A695B2F9190 /* Pods-DetectChanges.debug.xcconfig */ = {isa = PBXFileReference; includeInIndex = 1; lastKnownFileType = text.xcconfig; name = "Pods-DetectChanges.debug.xcconfig"; path = "Target Support Files/Pods-DetectChanges/Pods-DetectChanges.debug.xcconfig"; sourceTree = "<group>"; };
		BF0F3F5C29BDE47D002909BB /* fanfare.mp3 */ = {isa = PBXFileReference; lastKnownFileType = audio.mp3; path = fanfare.mp3; sourceTree = "<group>"; };
		BF11CE9F29EFD6FF00A9D194 /* CustomButton.swift */ = {isa = PBXFileReference; lastKnownFileType = sourcecode.swift; path = CustomButton.swift; sourceTree = "<group>"; };
		BF22E7E229EAB279003F245A /* Int+ExtractFromString.swift */ = {isa = PBXFileReference; lastKnownFileType = sourcecode.swift; path = "Int+ExtractFromString.swift"; sourceTree = "<group>"; };
		BF4704BB29D2D47A00EEABEE /* NetworkManager.swift */ = {isa = PBXFileReference; lastKnownFileType = sourcecode.swift; path = NetworkManager.swift; sourceTree = "<group>"; };
		BF4704BE29D2D52A00EEABEE /* Saga.swift */ = {isa = PBXFileReference; lastKnownFileType = sourcecode.swift; path = Saga.swift; sourceTree = "<group>"; };
		BF4704C029D2D53B00EEABEE /* Landlord.swift */ = {isa = PBXFileReference; lastKnownFileType = sourcecode.swift; path = Landlord.swift; sourceTree = "<group>"; };
		BF5C017729C71522006C06D4 /* AVFoundation.framework */ = {isa = PBXFileReference; lastKnownFileType = wrapper.framework; name = AVFoundation.framework; path = Platforms/MacOSX.platform/Developer/SDKs/MacOSX13.1.sdk/System/Library/Frameworks/AVFoundation.framework; sourceTree = DEVELOPER_DIR; };
		BF5C017929C71574006C06D4 /* BackgroundAudioPlayer.swift */ = {isa = PBXFileReference; lastKnownFileType = sourcecode.swift; path = BackgroundAudioPlayer.swift; sourceTree = "<group>"; };
		BF5C017B29C71635006C06D4 /* heavy-rain.wav */ = {isa = PBXFileReference; lastKnownFileType = audio.wav; path = "heavy-rain.wav"; sourceTree = "<group>"; };
		BF5C017D29C71DCF006C06D4 /* MainVC+AVAudioPlayerDelegate.swift */ = {isa = PBXFileReference; lastKnownFileType = sourcecode.swift; path = "MainVC+AVAudioPlayerDelegate.swift"; sourceTree = "<group>"; };
		BF5C017F29C72069006C06D4 /* SilentSong.wav */ = {isa = PBXFileReference; lastKnownFileType = audio.wav; path = SilentSong.wav; sourceTree = "<group>"; };
		BF707BFA29BB427700225796 /* WohnungSuchen.app */ = {isa = PBXFileReference; explicitFileType = wrapper.application; includeInIndex = 0; path = WohnungSuchen.app; sourceTree = BUILT_PRODUCTS_DIR; };
		BF707BFD29BB427700225796 /* AppDelegate.swift */ = {isa = PBXFileReference; lastKnownFileType = sourcecode.swift; path = AppDelegate.swift; sourceTree = "<group>"; };
		BF707BFF29BB427700225796 /* SceneDelegate.swift */ = {isa = PBXFileReference; lastKnownFileType = sourcecode.swift; path = SceneDelegate.swift; sourceTree = "<group>"; };
		BF707C0129BB427700225796 /* MainVC.swift */ = {isa = PBXFileReference; lastKnownFileType = sourcecode.swift; path = MainVC.swift; sourceTree = "<group>"; };
		BF707C0429BB427700225796 /* Base */ = {isa = PBXFileReference; lastKnownFileType = file.storyboard; name = Base; path = Base.lproj/Main.storyboard; sourceTree = "<group>"; };
		BF707C0629BB427900225796 /* Assets.xcassets */ = {isa = PBXFileReference; lastKnownFileType = folder.assetcatalog; path = Assets.xcassets; sourceTree = "<group>"; };
		BF707C0929BB427900225796 /* Base */ = {isa = PBXFileReference; lastKnownFileType = file.storyboard; name = Base; path = Base.lproj/LaunchScreen.storyboard; sourceTree = "<group>"; };
		BF707C0B29BB427900225796 /* Info.plist */ = {isa = PBXFileReference; lastKnownFileType = text.plist.xml; path = Info.plist; sourceTree = "<group>"; };
		BF707C1129BB43D100225796 /* WohnungSuchen.entitlements */ = {isa = PBXFileReference; lastKnownFileType = text.plist.entitlements; path = WohnungSuchen.entitlements; sourceTree = "<group>"; };
		BF707C1229BB444700225796 /* LandlordsManager.swift */ = {isa = PBXFileReference; lastKnownFileType = sourcecode.swift; path = LandlordsManager.swift; sourceTree = "<group>"; };
		BF8A62F729DD7B8500E2DCD4 /* MainVC+TableViewDelegate.swift */ = {isa = PBXFileReference; lastKnownFileType = sourcecode.swift; path = "MainVC+TableViewDelegate.swift"; sourceTree = "<group>"; };
		BF8A62F929DD9F5300E2DCD4 /* ApartmentCellDelegate.swift */ = {isa = PBXFileReference; lastKnownFileType = sourcecode.swift; path = ApartmentCellDelegate.swift; sourceTree = "<group>"; };
		BF8A62FB29DDA1E700E2DCD4 /* MainVC+ApartmentCellDelegate.swift */ = {isa = PBXFileReference; lastKnownFileType = sourcecode.swift; path = "MainVC+ApartmentCellDelegate.swift"; sourceTree = "<group>"; };
		BF8BD27629F13DC400771321 /* NotificationsManager.swift */ = {isa = PBXFileReference; lastKnownFileType = sourcecode.swift; path = NotificationsManager.swift; sourceTree = "<group>"; };
		BF8C912729DDB865008AD739 /* IntelPentiumSound.mp3 */ = {isa = PBXFileReference; lastKnownFileType = audio.mp3; path = IntelPentiumSound.mp3; sourceTree = "<group>"; };
		BF8C912929DDB877008AD739 /* VonoviaLogo.jpg */ = {isa = PBXFileReference; lastKnownFileType = image.jpeg; path = VonoviaLogo.jpg; sourceTree = "<group>"; };
		BF8C912A29DDB877008AD739 /* SagaLogo.jpg */ = {isa = PBXFileReference; lastKnownFileType = image.jpeg; path = SagaLogo.jpg; sourceTree = "<group>"; };
		BF8C912D29DDB8C8008AD739 /* Company.swift */ = {isa = PBXFileReference; lastKnownFileType = sourcecode.swift; path = Company.swift; sourceTree = "<group>"; };
		BF8E050C2A63EC20003A585C /* ProvidersCollectionViewCell.swift */ = {isa = PBXFileReference; lastKnownFileType = sourcecode.swift; path = ProvidersCollectionViewCell.swift; sourceTree = "<group>"; };
		BF8E050D2A63EC20003A585C /* ProvidersCollectionViewCell.xib */ = {isa = PBXFileReference; lastKnownFileType = file.xib; path = ProvidersCollectionViewCell.xib; sourceTree = "<group>"; };
		BF8E05102A63EE45003A585C /* OptionsView+CollectionViewDelegate.swift */ = {isa = PBXFileReference; lastKnownFileType = sourcecode.swift; path = "OptionsView+CollectionViewDelegate.swift"; sourceTree = "<group>"; };
		BF8EB0F229E166D10070C64B /* Color.swift */ = {isa = PBXFileReference; lastKnownFileType = sourcecode.swift; path = Color.swift; sourceTree = "<group>"; };
		BF8EB0F429E16B880070C64B /* LoadingView.swift */ = {isa = PBXFileReference; lastKnownFileType = sourcecode.swift; path = LoadingView.swift; sourceTree = "<group>"; };
		BF8EB0F629E17A360070C64B /* UIView+Flashing.swift */ = {isa = PBXFileReference; lastKnownFileType = sourcecode.swift; path = "UIView+Flashing.swift"; sourceTree = "<group>"; };
		BF8EEDB729C4701100F74971 /* MapButton.swift */ = {isa = PBXFileReference; lastKnownFileType = sourcecode.swift; path = MapButton.swift; sourceTree = "<group>"; };
		BF8EEDB929C4771B00F74971 /* DefaultOptions.swift */ = {isa = PBXFileReference; lastKnownFileType = sourcecode.swift; path = DefaultOptions.swift; sourceTree = "<group>"; };
		BF9055772A76472400A8082B /* AppError.swift */ = {isa = PBXFileReference; lastKnownFileType = sourcecode.swift; path = AppError.swift; sourceTree = "<group>"; };
		BF92059F29E029830017CEEA /* TimeManager.swift */ = {isa = PBXFileReference; lastKnownFileType = sourcecode.swift; path = TimeManager.swift; sourceTree = "<group>"; };
		BF94F64929D75D0B00993295 /* StartPauseButton.swift */ = {isa = PBXFileReference; lastKnownFileType = sourcecode.swift; path = StartPauseButton.swift; sourceTree = "<group>"; };
		BF9C8CF429D97FB500406480 /* Vonovia.swift */ = {isa = PBXFileReference; lastKnownFileType = sourcecode.swift; path = Vonovia.swift; sourceTree = "<group>"; };
		BF9C8CF629D9952500406480 /* VonoviaJson.swift */ = {isa = PBXFileReference; lastKnownFileType = sourcecode.swift; path = VonoviaJson.swift; sourceTree = "<group>"; };
		BF9DC6A729BC94B00027FADC /* sci-fi.wav */ = {isa = PBXFileReference; lastKnownFileType = audio.wav; path = "sci-fi.wav"; sourceTree = "<group>"; };
		BF9DC6A929BC96CD0027FADC /* chicken.mp3 */ = {isa = PBXFileReference; lastKnownFileType = audio.mp3; path = chicken.mp3; sourceTree = "<group>"; };
		BF9DC6AB29BCAF630027FADC /* Apartment.swift */ = {isa = PBXFileReference; lastKnownFileType = sourcecode.swift; path = Apartment.swift; sourceTree = "<group>"; };
		BF9E7A462A6D345D00274A30 /* MainVC+ModalVCDelegate.swift */ = {isa = PBXFileReference; lastKnownFileType = sourcecode.swift; path = "MainVC+ModalVCDelegate.swift"; sourceTree = "<group>"; };
		BFA1C3D229C339540023396C /* UIView+removeAllSubviews.swift */ = {isa = PBXFileReference; lastKnownFileType = sourcecode.swift; path = "UIView+removeAllSubviews.swift"; sourceTree = "<group>"; };
		BFA3DEF029D82FD5009B23D8 /* ModalView.swift */ = {isa = PBXFileReference; lastKnownFileType = sourcecode.swift; path = ModalView.swift; sourceTree = "<group>"; };
		BFA68DD229DAEAB20023B268 /* ApartmentCell.swift */ = {isa = PBXFileReference; lastKnownFileType = sourcecode.swift; path = ApartmentCell.swift; sourceTree = "<group>"; };
		BFA68DD329DAEAB20023B268 /* ApartmentCell.xib */ = {isa = PBXFileReference; lastKnownFileType = file.xib; path = ApartmentCell.xib; sourceTree = "<group>"; };
		BFA71BD129CD935A00F8781E /* ModalVC.swift */ = {isa = PBXFileReference; lastKnownFileType = sourcecode.swift; path = ModalVC.swift; sourceTree = "<group>"; };
		BFA71BD529CD949800F8781E /* DetectDetent.swift */ = {isa = PBXFileReference; lastKnownFileType = sourcecode.swift; path = DetectDetent.swift; sourceTree = "<group>"; };
		BFA71BDB29CDA7D300F8781E /* ModalVCDelegate.swift */ = {isa = PBXFileReference; lastKnownFileType = sourcecode.swift; path = ModalVCDelegate.swift; sourceTree = "<group>"; };
		BFA7A99E2A7AA61A004957CD /* WarningAlertControllerFactory.swift */ = {isa = PBXFileReference; lastKnownFileType = sourcecode.swift; path = WarningAlertControllerFactory.swift; sourceTree = "<group>"; };
		BFA8344829FA5F3F0073526C /* UISwitch+publisher.swift */ = {isa = PBXFileReference; lastKnownFileType = sourcecode.swift; path = "UISwitch+publisher.swift"; sourceTree = "<group>"; };
		BFA8D22629F3FC810091D0FA /* Extractable.swift */ = {isa = PBXFileReference; lastKnownFileType = sourcecode.swift; path = Extractable.swift; sourceTree = "<group>"; };
		BFA8D22C29F547450091D0FA /* SaveButton.swift */ = {isa = PBXFileReference; lastKnownFileType = sourcecode.swift; path = SaveButton.swift; sourceTree = "<group>"; };
		BFA9F37129C1F61E00ECB8F4 /* ImmoButton.swift */ = {isa = PBXFileReference; lastKnownFileType = sourcecode.swift; path = ImmoButton.swift; sourceTree = "<group>"; };
		BFBA6CF729D42F08004D0AFD /* ImmomioLinkFetcher.swift */ = {isa = PBXFileReference; lastKnownFileType = sourcecode.swift; path = ImmomioLinkFetcher.swift; sourceTree = "<group>"; };
		BFEBAA5729E2D15300CC83C8 /* OptionsView.swift */ = {isa = PBXFileReference; lastKnownFileType = sourcecode.swift; path = OptionsView.swift; sourceTree = "<group>"; };
		BFEBAA5929E2D67B00CC83C8 /* OptionsView.xib */ = {isa = PBXFileReference; lastKnownFileType = file.xib; path = OptionsView.xib; sourceTree = "<group>"; };
		BFEBAA5B29E2EF0A00CC83C8 /* Options.swift */ = {isa = PBXFileReference; lastKnownFileType = sourcecode.swift; path = Options.swift; sourceTree = "<group>"; };
		F39389A37CC2338749915CF4 /* Pods-WohnungSuchen.debug.xcconfig */ = {isa = PBXFileReference; includeInIndex = 1; lastKnownFileType = text.xcconfig; name = "Pods-WohnungSuchen.debug.xcconfig"; path = "Target Support Files/Pods-WohnungSuchen/Pods-WohnungSuchen.debug.xcconfig"; sourceTree = "<group>"; };
/* End PBXFileReference section */

/* Begin PBXFrameworksBuildPhase section */
		BF707BF729BB427700225796 /* Frameworks */ = {
			isa = PBXFrameworksBuildPhase;
			buildActionMask = 2147483647;
			files = (
				BF5C017829C71522006C06D4 /* AVFoundation.framework in Frameworks */,
				779ED7C4674CE54B30A3868E /* Pods_WohnungSuchen.framework in Frameworks */,
			);
			runOnlyForDeploymentPostprocessing = 0;
		};
/* End PBXFrameworksBuildPhase section */

/* Begin PBXGroup section */
		27D87C37BF331BB9AAB094A1 /* Pods */ = {
			isa = PBXGroup;
			children = (
				A3FE12165EF32A695B2F9190 /* Pods-DetectChanges.debug.xcconfig */,
				0F4C83A9789C8378A8FD34E5 /* Pods-DetectChanges.release.xcconfig */,
				F39389A37CC2338749915CF4 /* Pods-WohnungSuchen.debug.xcconfig */,
				371DD0AD0FD4AB6C602E542F /* Pods-WohnungSuchen.release.xcconfig */,
			);
			path = Pods;
			sourceTree = "<group>";
		};
		BF0F3F5E29BDE582002909BB /* Views */ = {
			isa = PBXGroup;
			children = (
				BF707C0329BB427700225796 /* Main.storyboard */,
				BFA3DEF029D82FD5009B23D8 /* ModalView.swift */,
				BF11CE9F29EFD6FF00A9D194 /* CustomButton.swift */,
				BF8EEDB729C4701100F74971 /* MapButton.swift */,
				BFA9F37129C1F61E00ECB8F4 /* ImmoButton.swift */,
				BF94F64929D75D0B00993295 /* StartPauseButton.swift */,
				BFA8D22C29F547450091D0FA /* SaveButton.swift */,
				BFA1C3D229C339540023396C /* UIView+removeAllSubviews.swift */,
				BFA68DD229DAEAB20023B268 /* ApartmentCell.swift */,
				BFA68DD329DAEAB20023B268 /* ApartmentCell.xib */,
				BF8EB0F429E16B880070C64B /* LoadingView.swift */,
				BF8EB0F629E17A360070C64B /* UIView+Flashing.swift */,
				BFEBAA5729E2D15300CC83C8 /* OptionsView.swift */,
				BF8E05102A63EE45003A585C /* OptionsView+CollectionViewDelegate.swift */,
				BFEBAA5929E2D67B00CC83C8 /* OptionsView.xib */,
				BF8E050C2A63EC20003A585C /* ProvidersCollectionViewCell.swift */,
				BF8E050D2A63EC20003A585C /* ProvidersCollectionViewCell.xib */,
			);
			path = Views;
			sourceTree = "<group>";
		};
		BF0F3F5F29BDE58F002909BB /* Models */ = {
			isa = PBXGroup;
			children = (
				BF9DC6AB29BCAF630027FADC /* Apartment.swift */,
				BF8C912D29DDB8C8008AD739 /* Company.swift */,
				BF8EB0F229E166D10070C64B /* Color.swift */,
				BFEBAA5B29E2EF0A00CC83C8 /* Options.swift */,
				BF8EEDB929C4771B00F74971 /* DefaultOptions.swift */,
				BF9C8CF629D9952500406480 /* VonoviaJson.swift */,
				BF9055772A76472400A8082B /* AppError.swift */,
			);
			path = Models;
			sourceTree = "<group>";
		};
		BF0F3F6029BDE59D002909BB /* Helpers */ = {
			isa = PBXGroup;
			children = (
				BF5C017929C71574006C06D4 /* BackgroundAudioPlayer.swift */,
				BF92059F29E029830017CEEA /* TimeManager.swift */,
				BF8BD27629F13DC400771321 /* NotificationsManager.swift */,
				BFA8D22629F3FC810091D0FA /* Extractable.swift */,
				BF22E7E229EAB279003F245A /* Int+ExtractFromString.swift */,
				BFA8344829FA5F3F0073526C /* UISwitch+publisher.swift */,
			);
			path = Helpers;
			sourceTree = "<group>";
		};
		BF0F3F6129BDE5B0002909BB /* Application */ = {
			isa = PBXGroup;
			children = (
				BF707BFD29BB427700225796 /* AppDelegate.swift */,
				BF707BFF29BB427700225796 /* SceneDelegate.swift */,
			);
			path = Application;
			sourceTree = "<group>";
		};
		BF0F3F6229BDE5D1002909BB /* Supporting files */ = {
			isa = PBXGroup;
			children = (
				BF707C0B29BB427900225796 /* Info.plist */,
				BF707C1129BB43D100225796 /* WohnungSuchen.entitlements */,
				BF707C0629BB427900225796 /* Assets.xcassets */,
				BF707C0829BB427900225796 /* LaunchScreen.storyboard */,
			);
			path = "Supporting files";
			sourceTree = "<group>";
		};
		BF0F3F6329BDE5DE002909BB /* Controllers */ = {
			isa = PBXGroup;
			children = (
				BF707C0129BB427700225796 /* MainVC.swift */,
				BF9E7A462A6D345D00274A30 /* MainVC+ModalVCDelegate.swift */,
				BF8A62F729DD7B8500E2DCD4 /* MainVC+TableViewDelegate.swift */,
				BF8A62FB29DDA1E700E2DCD4 /* MainVC+ApartmentCellDelegate.swift */,
				BF5C017D29C71DCF006C06D4 /* MainVC+AVAudioPlayerDelegate.swift */,
				BFA71BD529CD949800F8781E /* DetectDetent.swift */,
				BFA71BD129CD935A00F8781E /* ModalVC.swift */,
				BFA71BDB29CDA7D300F8781E /* ModalVCDelegate.swift */,
				BF8A62F929DD9F5300E2DCD4 /* ApartmentCellDelegate.swift */,
				BFA7A99E2A7AA61A004957CD /* WarningAlertControllerFactory.swift */,
			);
			name = Controllers;
			sourceTree = "<group>";
		};
		BF4704BD29D2D51B00EEABEE /* Landlords */ = {
			isa = PBXGroup;
			children = (
				BF4704BE29D2D52A00EEABEE /* Saga.swift */,
				BF9C8CF429D97FB500406480 /* Vonovia.swift */,
				BFBA6CF729D42F08004D0AFD /* ImmomioLinkFetcher.swift */,
				BF4704C029D2D53B00EEABEE /* Landlord.swift */,
			);
			path = Landlords;
			sourceTree = "<group>";
		};
		BF4704C229D2F7B100EEABEE /* Networking */ = {
			isa = PBXGroup;
			children = (
				BF707C1229BB444700225796 /* LandlordsManager.swift */,
				BF4704BB29D2D47A00EEABEE /* NetworkManager.swift */,
				BF4704BD29D2D51B00EEABEE /* Landlords */,
			);
			path = Networking;
			sourceTree = "<group>";
		};
		BF707BF129BB427700225796 = {
			isa = PBXGroup;
			children = (
				BF707BFC29BB427700225796 /* WohnungSuchen */,
				BF707BFB29BB427700225796 /* Products */,
				27D87C37BF331BB9AAB094A1 /* Pods */,
				F7ACA5E1051974026F484C05 /* Frameworks */,
			);
			sourceTree = "<group>";
		};
		BF707BFB29BB427700225796 /* Products */ = {
			isa = PBXGroup;
			children = (
				BF707BFA29BB427700225796 /* WohnungSuchen.app */,
			);
			name = Products;
			sourceTree = "<group>";
		};
		BF707BFC29BB427700225796 /* WohnungSuchen */ = {
			isa = PBXGroup;
			children = (
				BF0F3F6229BDE5D1002909BB /* Supporting files */,
				BF0F3F6129BDE5B0002909BB /* Application */,
				BF0F3F6329BDE5DE002909BB /* Controllers */,
				BF4704C229D2F7B100EEABEE /* Networking */,
				BF0F3F6029BDE59D002909BB /* Helpers */,
				BF0F3F5F29BDE58F002909BB /* Models */,
				BF0F3F5E29BDE582002909BB /* Views */,
				BF9DC6A629BC948F0027FADC /* Sounds */,
				BF8C912629DDB846008AD739 /* Logos */,
			);
			path = WohnungSuchen;
			sourceTree = "<group>";
		};
		BF8C912629DDB846008AD739 /* Logos */ = {
			isa = PBXGroup;
			children = (
				BF8C912A29DDB877008AD739 /* SagaLogo.jpg */,
				BF8C912929DDB877008AD739 /* VonoviaLogo.jpg */,
			);
			path = Logos;
			sourceTree = "<group>";
		};
		BF9DC6A629BC948F0027FADC /* Sounds */ = {
			isa = PBXGroup;
			children = (
				BF5C017F29C72069006C06D4 /* SilentSong.wav */,
				BF5C017B29C71635006C06D4 /* heavy-rain.wav */,
				BF9DC6A729BC94B00027FADC /* sci-fi.wav */,
				BF9DC6A929BC96CD0027FADC /* chicken.mp3 */,
				BF0F3F5C29BDE47D002909BB /* fanfare.mp3 */,
				BF8C912729DDB865008AD739 /* IntelPentiumSound.mp3 */,
			);
			path = Sounds;
			sourceTree = "<group>";
		};
		F7ACA5E1051974026F484C05 /* Frameworks */ = {
			isa = PBXGroup;
			children = (
				BF5C017729C71522006C06D4 /* AVFoundation.framework */,
				A3E3C8D775B90D6EBB69FB26 /* Pods_WohnungSuchen.framework */,
			);
			name = Frameworks;
			sourceTree = "<group>";
		};
/* End PBXGroup section */

/* Begin PBXNativeTarget section */
		BF707BF929BB427700225796 /* WohnungSuchen */ = {
			isa = PBXNativeTarget;
			buildConfigurationList = BF707C0E29BB427900225796 /* Build configuration list for PBXNativeTarget "WohnungSuchen" */;
			buildPhases = (
				28DEDA1F2948BA777E93ECD1 /* [CP] Check Pods Manifest.lock */,
				BF707BF629BB427700225796 /* Sources */,
				BF707BF729BB427700225796 /* Frameworks */,
				BF707BF829BB427700225796 /* Resources */,
				9420BA0B765C7DBB0DE9A186 /* [CP] Embed Pods Frameworks */,
			);
			buildRules = (
			);
			dependencies = (
			);
			name = WohnungSuchen;
			productName = DetectChanges;
			productReference = BF707BFA29BB427700225796 /* WohnungSuchen.app */;
			productType = "com.apple.product-type.application";
		};
/* End PBXNativeTarget section */

/* Begin PBXProject section */
		BF707BF229BB427700225796 /* Project object */ = {
			isa = PBXProject;
			attributes = {
				BuildIndependentTargetsInParallel = 1;
				LastSwiftUpdateCheck = 1420;
				LastUpgradeCheck = 1420;
				TargetAttributes = {
					BF707BF929BB427700225796 = {
						CreatedOnToolsVersion = 14.2;
					};
				};
			};
			buildConfigurationList = BF707BF529BB427700225796 /* Build configuration list for PBXProject "WohnungSuchen" */;
			compatibilityVersion = "Xcode 14.0";
			developmentRegion = en;
			hasScannedForEncodings = 0;
			knownRegions = (
				en,
				Base,
			);
			mainGroup = BF707BF129BB427700225796;
			productRefGroup = BF707BFB29BB427700225796 /* Products */;
			projectDirPath = "";
			projectRoot = "";
			targets = (
				BF707BF929BB427700225796 /* WohnungSuchen */,
			);
		};
/* End PBXProject section */

/* Begin PBXResourcesBuildPhase section */
		BF707BF829BB427700225796 /* Resources */ = {
			isa = PBXResourcesBuildPhase;
			buildActionMask = 2147483647;
			files = (
				BF5C018029C72069006C06D4 /* SilentSong.wav in Resources */,
				BF707C0A29BB427900225796 /* LaunchScreen.storyboard in Resources */,
				BF9DC6A829BC94B00027FADC /* sci-fi.wav in Resources */,
				BF707C0729BB427900225796 /* Assets.xcassets in Resources */,
				BF8C912C29DDB877008AD739 /* SagaLogo.jpg in Resources */,
				BF8E050F2A63EC20003A585C /* ProvidersCollectionViewCell.xib in Resources */,
				BF707C0529BB427700225796 /* Main.storyboard in Resources */,
				BFA68DD529DAEAB20023B268 /* ApartmentCell.xib in Resources */,
				BF0F3F5D29BDE47D002909BB /* fanfare.mp3 in Resources */,
				BF9DC6AA29BC96CE0027FADC /* chicken.mp3 in Resources */,
				BF8C912B29DDB877008AD739 /* VonoviaLogo.jpg in Resources */,
				BF8C912829DDB865008AD739 /* IntelPentiumSound.mp3 in Resources */,
				BF5C017C29C71635006C06D4 /* heavy-rain.wav in Resources */,
				BFEBAA5A29E2D67B00CC83C8 /* OptionsView.xib in Resources */,
			);
			runOnlyForDeploymentPostprocessing = 0;
		};
/* End PBXResourcesBuildPhase section */

/* Begin PBXShellScriptBuildPhase section */
		28DEDA1F2948BA777E93ECD1 /* [CP] Check Pods Manifest.lock */ = {
			isa = PBXShellScriptBuildPhase;
			buildActionMask = 2147483647;
			files = (
			);
			inputFileListPaths = (
			);
			inputPaths = (
				"${PODS_PODFILE_DIR_PATH}/Podfile.lock",
				"${PODS_ROOT}/Manifest.lock",
			);
			name = "[CP] Check Pods Manifest.lock";
			outputFileListPaths = (
			);
			outputPaths = (
				"$(DERIVED_FILE_DIR)/Pods-WohnungSuchen-checkManifestLockResult.txt",
			);
			runOnlyForDeploymentPostprocessing = 0;
			shellPath = /bin/sh;
			shellScript = "diff \"${PODS_PODFILE_DIR_PATH}/Podfile.lock\" \"${PODS_ROOT}/Manifest.lock\" > /dev/null\nif [ $? != 0 ] ; then\n    # print error to STDERR\n    echo \"error: The sandbox is not in sync with the Podfile.lock. Run 'pod install' or update your CocoaPods installation.\" >&2\n    exit 1\nfi\n# This output is used by Xcode 'outputs' to avoid re-running this script phase.\necho \"SUCCESS\" > \"${SCRIPT_OUTPUT_FILE_0}\"\n";
			showEnvVarsInLog = 0;
		};
		9420BA0B765C7DBB0DE9A186 /* [CP] Embed Pods Frameworks */ = {
			isa = PBXShellScriptBuildPhase;
			buildActionMask = 2147483647;
			files = (
			);
			inputFileListPaths = (
				"${PODS_ROOT}/Target Support Files/Pods-WohnungSuchen/Pods-WohnungSuchen-frameworks-${CONFIGURATION}-input-files.xcfilelist",
			);
			name = "[CP] Embed Pods Frameworks";
			outputFileListPaths = (
				"${PODS_ROOT}/Target Support Files/Pods-WohnungSuchen/Pods-WohnungSuchen-frameworks-${CONFIGURATION}-output-files.xcfilelist",
			);
			runOnlyForDeploymentPostprocessing = 0;
			shellPath = /bin/sh;
			shellScript = "\"${PODS_ROOT}/Target Support Files/Pods-WohnungSuchen/Pods-WohnungSuchen-frameworks.sh\"\n";
			showEnvVarsInLog = 0;
		};
/* End PBXShellScriptBuildPhase section */

/* Begin PBXSourcesBuildPhase section */
		BF707BF629BB427700225796 /* Sources */ = {
			isa = PBXSourcesBuildPhase;
			buildActionMask = 2147483647;
			files = (
				BF4704BC29D2D47A00EEABEE /* NetworkManager.swift in Sources */,
				BF707C1329BB444700225796 /* LandlordsManager.swift in Sources */,
				BFA71BD229CD935A00F8781E /* ModalVC.swift in Sources */,
				BF8E050E2A63EC20003A585C /* ProvidersCollectionViewCell.swift in Sources */,
				BFEBAA5829E2D15300CC83C8 /* OptionsView.swift in Sources */,
				BF8A62F829DD7B8500E2DCD4 /* MainVC+TableViewDelegate.swift in Sources */,
				BF9C8CF729D9952500406480 /* VonoviaJson.swift in Sources */,
				BF8EB0F329E166D10070C64B /* Color.swift in Sources */,
				BFA7A99F2A7AA61A004957CD /* WarningAlertControllerFactory.swift in Sources */,
				BF8EEDBA29C4771B00F74971 /* DefaultOptions.swift in Sources */,
				BFA8D22D29F547450091D0FA /* SaveButton.swift in Sources */,
				BF5C017E29C71DCF006C06D4 /* MainVC+AVAudioPlayerDelegate.swift in Sources */,
				BF9205A029E029830017CEEA /* TimeManager.swift in Sources */,
				BF5C017A29C71574006C06D4 /* BackgroundAudioPlayer.swift in Sources */,
				BF8A62FA29DD9F5300E2DCD4 /* ApartmentCellDelegate.swift in Sources */,
				BFA9F37229C1F61E00ECB8F4 /* ImmoButton.swift in Sources */,
				BF707C0229BB427700225796 /* MainVC.swift in Sources */,
				BF9DC6AC29BCAF630027FADC /* Apartment.swift in Sources */,
				BF8E05112A63EE45003A585C /* OptionsView+CollectionViewDelegate.swift in Sources */,
				BF9055782A76472400A8082B /* AppError.swift in Sources */,
				BFA8344929FA5F3F0073526C /* UISwitch+publisher.swift in Sources */,
				BFA8D22729F3FC810091D0FA /* Extractable.swift in Sources */,
				BF8EB0F529E16B880070C64B /* LoadingView.swift in Sources */,
				BFBA6CF829D42F08004D0AFD /* ImmomioLinkFetcher.swift in Sources */,
				BFA68DD429DAEAB20023B268 /* ApartmentCell.swift in Sources */,
				BF8BD27729F13DC400771321 /* NotificationsManager.swift in Sources */,
				BF9E7A472A6D345D00274A30 /* MainVC+ModalVCDelegate.swift in Sources */,
				BF8EEDB829C4701100F74971 /* MapButton.swift in Sources */,
				BFA3DEF129D82FD5009B23D8 /* ModalView.swift in Sources */,
				BFA1C3D329C339540023396C /* UIView+removeAllSubviews.swift in Sources */,
				BFA71BD629CD949800F8781E /* DetectDetent.swift in Sources */,
				BF9C8CF529D97FB500406480 /* Vonovia.swift in Sources */,
				BF707BFE29BB427700225796 /* AppDelegate.swift in Sources */,
				BF4704BF29D2D52A00EEABEE /* Saga.swift in Sources */,
				BF11CEA029EFD6FF00A9D194 /* CustomButton.swift in Sources */,
				BF94F64A29D75D0B00993295 /* StartPauseButton.swift in Sources */,
				BF8EB0F729E17A360070C64B /* UIView+Flashing.swift in Sources */,
				BF22E7E329EAB279003F245A /* Int+ExtractFromString.swift in Sources */,
				BFA71BDC29CDA7D300F8781E /* ModalVCDelegate.swift in Sources */,
				BF4704C129D2D53B00EEABEE /* Landlord.swift in Sources */,
				BFEBAA5C29E2EF0A00CC83C8 /* Options.swift in Sources */,
				BF8A62FC29DDA1E700E2DCD4 /* MainVC+ApartmentCellDelegate.swift in Sources */,
				BF707C0029BB427700225796 /* SceneDelegate.swift in Sources */,
				BF8C912E29DDB8C8008AD739 /* Company.swift in Sources */,
			);
			runOnlyForDeploymentPostprocessing = 0;
		};
/* End PBXSourcesBuildPhase section */

/* Begin PBXVariantGroup section */
		BF707C0329BB427700225796 /* Main.storyboard */ = {
			isa = PBXVariantGroup;
			children = (
				BF707C0429BB427700225796 /* Base */,
			);
			name = Main.storyboard;
			sourceTree = "<group>";
		};
		BF707C0829BB427900225796 /* LaunchScreen.storyboard */ = {
			isa = PBXVariantGroup;
			children = (
				BF707C0929BB427900225796 /* Base */,
			);
			name = LaunchScreen.storyboard;
			sourceTree = "<group>";
		};
/* End PBXVariantGroup section */

/* Begin XCBuildConfiguration section */
		BF707C0C29BB427900225796 /* Debug */ = {
			isa = XCBuildConfiguration;
			buildSettings = {
				ALWAYS_SEARCH_USER_PATHS = NO;
				CLANG_ANALYZER_NONNULL = YES;
				CLANG_ANALYZER_NUMBER_OBJECT_CONVERSION = YES_AGGRESSIVE;
				CLANG_CXX_LANGUAGE_STANDARD = "gnu++20";
				CLANG_ENABLE_MODULES = YES;
				CLANG_ENABLE_OBJC_ARC = YES;
				CLANG_ENABLE_OBJC_WEAK = YES;
				CLANG_WARN_BLOCK_CAPTURE_AUTORELEASING = YES;
				CLANG_WARN_BOOL_CONVERSION = YES;
				CLANG_WARN_COMMA = YES;
				CLANG_WARN_CONSTANT_CONVERSION = YES;
				CLANG_WARN_DEPRECATED_OBJC_IMPLEMENTATIONS = YES;
				CLANG_WARN_DIRECT_OBJC_ISA_USAGE = YES_ERROR;
				CLANG_WARN_DOCUMENTATION_COMMENTS = YES;
				CLANG_WARN_EMPTY_BODY = YES;
				CLANG_WARN_ENUM_CONVERSION = YES;
				CLANG_WARN_INFINITE_RECURSION = YES;
				CLANG_WARN_INT_CONVERSION = YES;
				CLANG_WARN_NON_LITERAL_NULL_CONVERSION = YES;
				CLANG_WARN_OBJC_IMPLICIT_RETAIN_SELF = YES;
				CLANG_WARN_OBJC_LITERAL_CONVERSION = YES;
				CLANG_WARN_OBJC_ROOT_CLASS = YES_ERROR;
				CLANG_WARN_QUOTED_INCLUDE_IN_FRAMEWORK_HEADER = YES;
				CLANG_WARN_RANGE_LOOP_ANALYSIS = YES;
				CLANG_WARN_STRICT_PROTOTYPES = YES;
				CLANG_WARN_SUSPICIOUS_MOVE = YES;
				CLANG_WARN_UNGUARDED_AVAILABILITY = YES_AGGRESSIVE;
				CLANG_WARN_UNREACHABLE_CODE = YES;
				CLANG_WARN__DUPLICATE_METHOD_MATCH = YES;
				COPY_PHASE_STRIP = NO;
				DEBUG_INFORMATION_FORMAT = dwarf;
				ENABLE_STRICT_OBJC_MSGSEND = YES;
				ENABLE_TESTABILITY = YES;
				GCC_C_LANGUAGE_STANDARD = gnu11;
				GCC_DYNAMIC_NO_PIC = NO;
				GCC_NO_COMMON_BLOCKS = YES;
				GCC_OPTIMIZATION_LEVEL = 0;
				GCC_PREPROCESSOR_DEFINITIONS = (
					"DEBUG=1",
					"$(inherited)",
				);
				GCC_WARN_64_TO_32_BIT_CONVERSION = YES;
				GCC_WARN_ABOUT_RETURN_TYPE = YES_ERROR;
				GCC_WARN_UNDECLARED_SELECTOR = YES;
				GCC_WARN_UNINITIALIZED_AUTOS = YES_AGGRESSIVE;
				GCC_WARN_UNUSED_FUNCTION = YES;
				GCC_WARN_UNUSED_VARIABLE = YES;
				IPHONEOS_DEPLOYMENT_TARGET = 16.2;
				MTL_ENABLE_DEBUG_INFO = INCLUDE_SOURCE;
				MTL_FAST_MATH = YES;
				ONLY_ACTIVE_ARCH = YES;
				SDKROOT = iphoneos;
				SWIFT_ACTIVE_COMPILATION_CONDITIONS = DEBUG;
				SWIFT_OPTIMIZATION_LEVEL = "-Onone";
			};
			name = Debug;
		};
		BF707C0D29BB427900225796 /* Release */ = {
			isa = XCBuildConfiguration;
			buildSettings = {
				ALWAYS_SEARCH_USER_PATHS = NO;
				CLANG_ANALYZER_NONNULL = YES;
				CLANG_ANALYZER_NUMBER_OBJECT_CONVERSION = YES_AGGRESSIVE;
				CLANG_CXX_LANGUAGE_STANDARD = "gnu++20";
				CLANG_ENABLE_MODULES = YES;
				CLANG_ENABLE_OBJC_ARC = YES;
				CLANG_ENABLE_OBJC_WEAK = YES;
				CLANG_WARN_BLOCK_CAPTURE_AUTORELEASING = YES;
				CLANG_WARN_BOOL_CONVERSION = YES;
				CLANG_WARN_COMMA = YES;
				CLANG_WARN_CONSTANT_CONVERSION = YES;
				CLANG_WARN_DEPRECATED_OBJC_IMPLEMENTATIONS = YES;
				CLANG_WARN_DIRECT_OBJC_ISA_USAGE = YES_ERROR;
				CLANG_WARN_DOCUMENTATION_COMMENTS = YES;
				CLANG_WARN_EMPTY_BODY = YES;
				CLANG_WARN_ENUM_CONVERSION = YES;
				CLANG_WARN_INFINITE_RECURSION = YES;
				CLANG_WARN_INT_CONVERSION = YES;
				CLANG_WARN_NON_LITERAL_NULL_CONVERSION = YES;
				CLANG_WARN_OBJC_IMPLICIT_RETAIN_SELF = YES;
				CLANG_WARN_OBJC_LITERAL_CONVERSION = YES;
				CLANG_WARN_OBJC_ROOT_CLASS = YES_ERROR;
				CLANG_WARN_QUOTED_INCLUDE_IN_FRAMEWORK_HEADER = YES;
				CLANG_WARN_RANGE_LOOP_ANALYSIS = YES;
				CLANG_WARN_STRICT_PROTOTYPES = YES;
				CLANG_WARN_SUSPICIOUS_MOVE = YES;
				CLANG_WARN_UNGUARDED_AVAILABILITY = YES_AGGRESSIVE;
				CLANG_WARN_UNREACHABLE_CODE = YES;
				CLANG_WARN__DUPLICATE_METHOD_MATCH = YES;
				COPY_PHASE_STRIP = NO;
				DEBUG_INFORMATION_FORMAT = "dwarf-with-dsym";
				ENABLE_NS_ASSERTIONS = NO;
				ENABLE_STRICT_OBJC_MSGSEND = YES;
				GCC_C_LANGUAGE_STANDARD = gnu11;
				GCC_NO_COMMON_BLOCKS = YES;
				GCC_WARN_64_TO_32_BIT_CONVERSION = YES;
				GCC_WARN_ABOUT_RETURN_TYPE = YES_ERROR;
				GCC_WARN_UNDECLARED_SELECTOR = YES;
				GCC_WARN_UNINITIALIZED_AUTOS = YES_AGGRESSIVE;
				GCC_WARN_UNUSED_FUNCTION = YES;
				GCC_WARN_UNUSED_VARIABLE = YES;
				IPHONEOS_DEPLOYMENT_TARGET = 16.2;
				MTL_ENABLE_DEBUG_INFO = NO;
				MTL_FAST_MATH = YES;
				SDKROOT = iphoneos;
				SWIFT_COMPILATION_MODE = wholemodule;
				SWIFT_OPTIMIZATION_LEVEL = "-O";
				VALIDATE_PRODUCT = YES;
			};
			name = Release;
		};
		BF707C0F29BB427900225796 /* Debug */ = {
			isa = XCBuildConfiguration;
			baseConfigurationReference = F39389A37CC2338749915CF4 /* Pods-WohnungSuchen.debug.xcconfig */;
			buildSettings = {
				ASSETCATALOG_COMPILER_APPICON_NAME = AppIcon;
				ASSETCATALOG_COMPILER_GLOBAL_ACCENT_COLOR_NAME = AccentColor;
				CODE_SIGN_ENTITLEMENTS = "WohnungSuchen/Supporting files/WohnungSuchen.entitlements";
				CODE_SIGN_STYLE = Automatic;
				CURRENT_PROJECT_VERSION = 1;
				DEVELOPMENT_TEAM = "";
				GENERATE_INFOPLIST_FILE = YES;
				INFOPLIST_FILE = "WohnungSuchen/Supporting files/Info.plist";
				INFOPLIST_KEY_UIApplicationSupportsIndirectInputEvents = YES;
				INFOPLIST_KEY_UILaunchStoryboardName = LaunchScreen;
				INFOPLIST_KEY_UIMainStoryboardFile = Main;
				INFOPLIST_KEY_UIRequiresFullScreen = YES;
				INFOPLIST_KEY_UISupportedInterfaceOrientations = "UIInterfaceOrientationPortrait UIInterfaceOrientationPortraitUpsideDown";
				IPHONEOS_DEPLOYMENT_TARGET = 16.0;
				LD_RUNPATH_SEARCH_PATHS = (
					"$(inherited)",
					"@executable_path/Frameworks",
				);
				MARKETING_VERSION = 1.1;
				PRODUCT_NAME = "$(TARGET_NAME)";
				SUPPORTED_PLATFORMS = "iphoneos iphonesimulator";
				SUPPORTS_MACCATALYST = YES;
				SUPPORTS_MAC_DESIGNED_FOR_IPHONE_IPAD = YES;
				SWIFT_EMIT_LOC_STRINGS = YES;
				SWIFT_VERSION = 5.0;
				TARGETED_DEVICE_FAMILY = "1,2";
			};
			name = Debug;
		};
		BF707C1029BB427900225796 /* Release */ = {
			isa = XCBuildConfiguration;
			baseConfigurationReference = 371DD0AD0FD4AB6C602E542F /* Pods-WohnungSuchen.release.xcconfig */;
			buildSettings = {
				ASSETCATALOG_COMPILER_APPICON_NAME = AppIcon;
				ASSETCATALOG_COMPILER_GLOBAL_ACCENT_COLOR_NAME = AccentColor;
				CODE_SIGN_ENTITLEMENTS = "WohnungSuchen/Supporting files/WohnungSuchen.entitlements";
				CODE_SIGN_STYLE = Automatic;
				CURRENT_PROJECT_VERSION = 1;
				DEVELOPMENT_TEAM = "";
				GENERATE_INFOPLIST_FILE = YES;
				INFOPLIST_FILE = "WohnungSuchen/Supporting files/Info.plist";
				INFOPLIST_KEY_UIApplicationSupportsIndirectInputEvents = YES;
				INFOPLIST_KEY_UILaunchStoryboardName = LaunchScreen;
				INFOPLIST_KEY_UIMainStoryboardFile = Main;
				INFOPLIST_KEY_UIRequiresFullScreen = YES;
				INFOPLIST_KEY_UISupportedInterfaceOrientations = "UIInterfaceOrientationPortrait UIInterfaceOrientationPortraitUpsideDown";
				IPHONEOS_DEPLOYMENT_TARGET = 16.0;
				LD_RUNPATH_SEARCH_PATHS = (
					"$(inherited)",
					"@executable_path/Frameworks",
				);
				MARKETING_VERSION = 1.1;
				PRODUCT_NAME = "$(TARGET_NAME)";
				SUPPORTED_PLATFORMS = "iphoneos iphonesimulator";
				SUPPORTS_MACCATALYST = YES;
				SUPPORTS_MAC_DESIGNED_FOR_IPHONE_IPAD = YES;
				SWIFT_EMIT_LOC_STRINGS = YES;
				SWIFT_VERSION = 5.0;
				TARGETED_DEVICE_FAMILY = "1,2";
			};
			name = Release;
		};
/* End XCBuildConfiguration section */

/* Begin XCConfigurationList section */
		BF707BF529BB427700225796 /* Build configuration list for PBXProject "WohnungSuchen" */ = {
			isa = XCConfigurationList;
			buildConfigurations = (
				BF707C0C29BB427900225796 /* Debug */,
				BF707C0D29BB427900225796 /* Release */,
			);
			defaultConfigurationIsVisible = 0;
			defaultConfigurationName = Release;
		};
		BF707C0E29BB427900225796 /* Build configuration list for PBXNativeTarget "WohnungSuchen" */ = {
			isa = XCConfigurationList;
			buildConfigurations = (
				BF707C0F29BB427900225796 /* Debug */,
				BF707C1029BB427900225796 /* Release */,
			);
			defaultConfigurationIsVisible = 0;
			defaultConfigurationName = Release;
		};
/* End XCConfigurationList section */
	};
	rootObject = BF707BF229BB427700225796 /* Project object */;
}
